Microsoft Visual Studio Solution File, Format Version 11.00
# Visual Studio 2008

Project("{DD0D0975-EEE4-A4FD-273F-8D1B2BDFB9D1}") = "Platformer2", "Assembly-CSharp-firstpass.csproj", "{F508CFFC-E4C0-377E-E0E5-0EA804CF8D2D}"
EndProject
Project("{DD0D0975-EEE4-A4FD-273F-8D1B2BDFB9D1}") = "Platformer2", "Assembly-CSharp.csproj", "{4ADB48AC-25C0-58CC-D4C3-61CFEFF1FBC2}"
EndProject
Project("{DD0D0975-EEE4-A4FD-273F-8D1B2BDFB9D1}") = "Platformer2", "Assembly-CSharp-Editor.csproj", "{1FD0CD3B-8E76-FDB7-31EB-9834E057EF12}"
EndProject
Project("{DD0D0975-EEE4-A4FD-273F-8D1B2BDFB9D1}") = "Platformer2", "Assembly-UnityScript-firstpass.unityproj", "{958F4066-778C-C834-C522-104BE677845A}"
EndProject
Project("{DD0D0975-EEE4-A4FD-273F-8D1B2BDFB9D1}") = "Platformer2", "Assembly-UnityScript.unityproj", "{DF750BF8-D69D-CCE7-08E7-B4D50B85F1BF}"
EndProject
Global
	GlobalSection(SolutionConfigurationPlatforms) = preSolution
		Debug|Any CPU = Debug|Any CPU
		Release|Any CPU = Release|Any CPU
	EndGlobalSection
	GlobalSection(ProjectConfigurationPlatforms) = postSolution
		{F508CFFC-E4C0-377E-E0E5-0EA804CF8D2D}.Debug|Any CPU.ActiveCfg = Debug|Any CPU
		{F508CFFC-E4C0-377E-E0E5-0EA804CF8D2D}.Debug|Any CPU.Build.0 = Debug|Any CPU
		{F508CFFC-E4C0-377E-E0E5-0EA804CF8D2D}.Release|Any CPU.ActiveCfg = Release|Any CPU
		{F508CFFC-E4C0-377E-E0E5-0EA804CF8D2D}.Release|Any CPU.Build.0 = Release|Any CPU
		{4ADB48AC-25C0-58CC-D4C3-61CFEFF1FBC2}.Debug|Any CPU.ActiveCfg = Debug|Any CPU
		{4ADB48AC-25C0-58CC-D4C3-61CFEFF1FBC2}.Debug|Any CPU.Build.0 = Debug|Any CPU
		{4ADB48AC-25C0-58CC-D4C3-61CFEFF1FBC2}.Release|Any CPU.ActiveCfg = Release|Any CPU
		{4ADB48AC-25C0-58CC-D4C3-61CFEFF1FBC2}.Release|Any CPU.Build.0 = Release|Any CPU
		{1FD0CD3B-8E76-FDB7-31EB-9834E057EF12}.Debug|Any CPU.ActiveCfg = Debug|Any CPU
		{1FD0CD3B-8E76-FDB7-31EB-9834E057EF12}.Debug|Any CPU.Build.0 = Debug|Any CPU
		{1FD0CD3B-8E76-FDB7-31EB-9834E057EF12}.Release|Any CPU.ActiveCfg = Release|Any CPU
		{1FD0CD3B-8E76-FDB7-31EB-9834E057EF12}.Release|Any CPU.Build.0 = Release|Any CPU
		{958F4066-778C-C834-C522-104BE677845A}.Debug|Any CPU.ActiveCfg = Debug|Any CPU
		{958F4066-778C-C834-C522-104BE677845A}.Debug|Any CPU.Build.0 = Debug|Any CPU
		{958F4066-778C-C834-C522-104BE677845A}.Release|Any CPU.ActiveCfg = Release|Any CPU
		{958F4066-778C-C834-C522-104BE677845A}.Release|Any CPU.Build.0 = Release|Any CPU
		{DF750BF8-D69D-CCE7-08E7-B4D50B85F1BF}.Debug|Any CPU.ActiveCfg = Debug|Any CPU
		{DF750BF8-D69D-CCE7-08E7-B4D50B85F1BF}.Debug|Any CPU.Build.0 = Debug|Any CPU
		{DF750BF8-D69D-CCE7-08E7-B4D50B85F1BF}.Release|Any CPU.ActiveCfg = Release|Any CPU
		{DF750BF8-D69D-CCE7-08E7-B4D50B85F1BF}.Release|Any CPU.Build.0 = Release|Any CPU
	EndGlobalSection
	GlobalSection(SolutionProperties) = preSolution
		HideSolutionNode = FALSE
	EndGlobalSection
																																			GlobalSection(MonoDevelopProperties) = preSolution
		StartupItem = Assembly-CSharp.csproj
		Policies = $0
		$0.TextStylePolicy = $1
		$1.inheritsSet = null
		$1.scope = text/x-csharp
		$0.CSharpFormattingPolicy = $2
		$2.inheritsSet = Mono
		$2.inheritsScope = text/x-csharp
		$2.scope = text/x-csharp
		$0.TextStylePolicy = $3
		$3.FileWidth = 120
		$3.TabWidth = 4
		$3.EolMarker = Unix
		$3.inheritsSet = Mono
		$3.inheritsScope = text/plain
		$3.scope = text/plain
	EndGlobalSection

EndGlobal
